
Microsoft Visual Studio Solution File, Format Version 11.00
# Visual Studio 2010
Project("{FAE04EC0-301F-11D3-BF4B-00C04F79EFBC}") = "gdd_4unity", "Assembly-CSharp.csproj", "{35999E49-4C37-6302-CC7A-FABC2028B127}"
EndProject
Project("{FAE04EC0-301F-11D3-BF4B-00C04F79EFBC}") = "gdd_4unity", "Assembly-CSharp-firstpass.csproj", "{9687193D-94B6-22C3-1D67-81478E656F47}"
EndProject
Project("{FAE04EC0-301F-11D3-BF4B-00C04F79EFBC}") = "gdd_4unity", "Assembly-CSharp-Editor-firstpass.csproj", "{8157D35B-270F-D2F5-FD43-15553C60C0D0}"
EndProject
Global
	GlobalSection(SolutionConfigurationPlatforms) = preSolution
		Debug|Any CPU = Debug|Any CPU
		Release|Any CPU = Release|Any CPU
	EndGlobalSection
	GlobalSection(ProjectConfigurationPlatforms) = postSolution
		{35999E49-4C37-6302-CC7A-FABC2028B127}.Debug|Any CPU.ActiveCfg = Debug|Any CPU
		{35999E49-4C37-6302-CC7A-FABC2028B127}.Debug|Any CPU.Build.0 = Debug|Any CPU
		{35999E49-4C37-6302-CC7A-FABC2028B127}.Release|Any CPU.ActiveCfg = Release|Any CPU
		{35999E49-4C37-6302-CC7A-FABC2028B127}.Release|Any CPU.Build.0 = Release|Any CPU
		{9687193D-94B6-22C3-1D67-81478E656F47}.Debug|Any CPU.ActiveCfg = Debug|Any CPU
		{9687193D-94B6-22C3-1D67-81478E656F47}.Debug|Any CPU.Build.0 = Debug|Any CPU
		{9687193D-94B6-22C3-1D67-81478E656F47}.Release|Any CPU.ActiveCfg = Release|Any CPU
		{9687193D-94B6-22C3-1D67-81478E656F47}.Release|Any CPU.Build.0 = Release|Any CPU
		{8157D35B-270F-D2F5-FD43-15553C60C0D0}.Debug|Any CPU.ActiveCfg = Debug|Any CPU
		{8157D35B-270F-D2F5-FD43-15553C60C0D0}.Debug|Any CPU.Build.0 = Debug|Any CPU
		{8157D35B-270F-D2F5-FD43-15553C60C0D0}.Release|Any CPU.ActiveCfg = Release|Any CPU
		{8157D35B-270F-D2F5-FD43-15553C60C0D0}.Release|Any CPU.Build.0 = Release|Any CPU
	EndGlobalSection
	GlobalSection(SolutionProperties) = preSolution
		HideSolutionNode = FALSE
	EndGlobalSection
	GlobalSection(MonoDevelopProperties) = preSolution
		StartupItem = Assembly-CSharp.csproj
	EndGlobalSection
EndGlobal
